{"1.1.0",
[{<<"erlydtl">>,{pkg,<<"erlydtl">>,<<"0.13.1">>},0},
 {<<"jsx">>,{pkg,<<"jsx">>,<<"3.0.0">>},0}]}.
[
{pkg_hash,[
 {<<"erlydtl">>, <<"91481928557544C843E2B33F8AA17693F16B65EEBC9EF08C71EBE90CBD1A84F1">>},
 {<<"jsx">>, <<"20A170ABD4335FC6DB24D5FAD1E5D677C55DADF83D1B20A8A33B5FE159892A39">>}]}
].
